Microsoft Visual Studio Solution File, Format Version 12.00
# Visual Studio Version 17
VisualStudioVersion = 17.5.2.0
MinimumVisualStudioVersion = 10.0.40219.1
Project("{FAE04EC0-301F-11D3-BF4B-00C04F79EFBC}") = "UndoFeatureTextEditor", "UndoFeatureTextEditor.csproj", "{3782388A-09E8-32C0-B5DF-A54068882CB5}"
EndProject
Global
	GlobalSection(SolutionConfigurationPlatforms) = preSolution
		Debug|Any CPU = Debug|Any CPU
		Release|Any CPU = Release|Any CPU
	EndGlobalSection
	GlobalSection(ProjectConfigurationPlatforms) = postSolution
		{3782388A-09E8-32C0-B5DF-A54068882CB5}.Debug|Any CPU.ActiveCfg = Debug|Any CPU
		{3782388A-09E8-32C0-B5DF-A54068882CB5}.Debug|Any CPU.Build.0 = Debug|Any CPU
		{3782388A-09E8-32C0-B5DF-A54068882CB5}.Release|Any CPU.ActiveCfg = Release|Any CPU
		{3782388A-09E8-32C0-B5DF-A54068882CB5}.Release|Any CPU.Build.0 = Release|Any CPU
	EndGlobalSection
	GlobalSection(SolutionProperties) = preSolution
		HideSolutionNode = FALSE
	EndGlobalSection
	GlobalSection(ExtensibilityGlobals) = postSolution
		SolutionGuid = {6288A96C-D496-4C61-A11A-7CC4832D47DA}
	EndGlobalSection
EndGlobal
